// !$*UTF8*$!
{
	archiveVersion = 1;
	classes = {
	};
	objectVersion = 46;
	objects = {

/* Begin PBXBuildFile section */
		1876BE451CE8BD9100C1D9CE /* Produto.m in Sources */ = {isa = PBXBuildFile; fileRef = 1876BE441CE8BD9100C1D9CE /* Produto.m */; };
		1876BE481CE8BE1800C1D9CE /* ProdutoDao.m in Sources */ = {isa = PBXBuildFile; fileRef = 1876BE471CE8BE1800C1D9CE /* ProdutoDao.m */; };
		1876BE4B1CE8C08B00C1D9CE /* ProdutoBusiness.m in Sources */ = {isa = PBXBuildFile; fileRef = 1876BE4A1CE8C08B00C1D9CE /* ProdutoBusiness.m */; };
		18BC463E1CDFBE02006DC885 /* main.m in Sources */ = {isa = PBXBuildFile; fileRef = 18BC463D1CDFBE02006DC885 /* main.m */; };
		18BC46411CDFBE02006DC885 /* AppDelegate.m in Sources */ = {isa = PBXBuildFile; fileRef = 18BC46401CDFBE02006DC885 /* AppDelegate.m */; };
		18BC46441CDFBE02006DC885 /* ViewController.m in Sources */ = {isa = PBXBuildFile; fileRef = 18BC46431CDFBE02006DC885 /* ViewController.m */; };
		18BC46471CDFBE02006DC885 /* Main.storyboard in Resources */ = {isa = PBXBuildFile; fileRef = 18BC46451CDFBE02006DC885 /* Main.storyboard */; };
		18BC464A1CDFBE02006DC885 /* Desafio_M4U.xcdatamodeld in Sources */ = {isa = PBXBuildFile; fileRef = 18BC46481CDFBE02006DC885 /* Desafio_M4U.xcdatamodeld */; };
		18BC464C1CDFBE02006DC885 /* Assets.xcassets in Resources */ = {isa = PBXBuildFile; fileRef = 18BC464B1CDFBE02006DC885 /* Assets.xcassets */; };
		18BC464F1CDFBE02006DC885 /* LaunchScreen.storyboard in Resources */ = {isa = PBXBuildFile; fileRef = 18BC464D1CDFBE02006DC885 /* LaunchScreen.storyboard */; };
		18BC465A1CDFBE02006DC885 /* Desafio_M4UTests.m in Sources */ = {isa = PBXBuildFile; fileRef = 18BC46591CDFBE02006DC885 /* Desafio_M4UTests.m */; };
		18BC46651CDFBE02006DC885 /* Desafio_M4UUITests.m in Sources */ = {isa = PBXBuildFile; fileRef = 18BC46641CDFBE02006DC885 /* Desafio_M4UUITests.m */; };
		18C5A4CA1CED668B004F454E /* Dao.m in Sources */ = {isa = PBXBuildFile; fileRef = 18C5A4C91CED668B004F454E /* Dao.m */; };
		18C5A4D01CEE87E4004F454E /* CarrinhoAddViewController.m in Sources */ = {isa = PBXBuildFile; fileRef = 18C5A4CE1CEE87E4004F454E /* CarrinhoAddViewController.m */; };
		18C5A4D11CEE87E4004F454E /* CarrinhoAddViewController.xib in Resources */ = {isa = PBXBuildFile; fileRef = 18C5A4CF1CEE87E4004F454E /* CarrinhoAddViewController.xib */; };
		18C5A4D51CEE9792004F454E /* carrinho.png in Resources */ = {isa = PBXBuildFile; fileRef = 18C5A4D41CEE9792004F454E /* carrinho.png */; };
		18C5A4D71CEE97D3004F454E /* cancelar.png in Resources */ = {isa = PBXBuildFile; fileRef = 18C5A4D61CEE97D3004F454E /* cancelar.png */; };
		18C5A4D91CEE97EB004F454E /* comprar.png in Resources */ = {isa = PBXBuildFile; fileRef = 18C5A4D81CEE97EB004F454E /* comprar.png */; };
		18C5A4DD1CEEA7E3004F454E /* CarrinhoViewController.m in Sources */ = {isa = PBXBuildFile; fileRef = 18C5A4DC1CEEA7E3004F454E /* CarrinhoViewController.m */; };
		18C5A4E31CEFDD69004F454E /* AbstractViewController.m in Sources */ = {isa = PBXBuildFile; fileRef = 18C5A4E21CEFDD69004F454E /* AbstractViewController.m */; };
		18C5A4E71CF000C5004F454E /* UsuarioSessao.m in Sources */ = {isa = PBXBuildFile; fileRef = 18C5A4E61CF000C5004F454E /* UsuarioSessao.m */; };
		18DF932B1CE1332200943A2A /* PessoaDao.m in Sources */ = {isa = PBXBuildFile; fileRef = 18DF932A1CE1332200943A2A /* PessoaDao.m */; };
		18DF932D1CE1337500943A2A /* CoreData.framework in Frameworks */ = {isa = PBXBuildFile; fileRef = 18DF932C1CE1337500943A2A /* CoreData.framework */; };
		18DF93331CE13BAD00943A2A /* Pessoa.m in Sources */ = {isa = PBXBuildFile; fileRef = 18DF93321CE13BAD00943A2A /* Pessoa.m */; };
		18DF933A1CE2CDF900943A2A /* PessoaBusiness.m in Sources */ = {isa = PBXBuildFile; fileRef = 18DF93391CE2CDF900943A2A /* PessoaBusiness.m */; };
		18F36CE91CE4CAA70035E80B /* Constants.m in Sources */ = {isa = PBXBuildFile; fileRef = 18F36CE81CE4CAA70035E80B /* Constants.m */; };
		18F36CEF1CE4CF5D0035E80B /* ComprarArtesViewController.m in Sources */ = {isa = PBXBuildFile; fileRef = 18F36CEE1CE4CF5D0035E80B /* ComprarArtesViewController.m */; };
		18F36CF31CE572F50035E80B /* CellCompraArte.m in Sources */ = {isa = PBXBuildFile; fileRef = 18F36CF21CE572F50035E80B /* CellCompraArte.m */; };
		930517E6951A764CD28D836A /* libPods-Desafio_M4UUITests.a in Frameworks */ = {isa = PBXBuildFile; fileRef = 76F342B1B9E45D19E1157B93 /* libPods-Desafio_M4UUITests.a */; };
		CA5C63642C2FA162464D1811 /* libPods-Desafio_M4U.a in Frameworks */ = {isa = PBXBuildFile; fileRef = 0962FC63ED83FC4FDE1F5BBC /* libPods-Desafio_M4U.a */; };
		F24B31DC118267168813631D /* libPods-Desafio_M4UTests.a in Frameworks */ = {isa = PBXBuildFile; fileRef = D93301E029CEA880415F70E1 /* libPods-Desafio_M4UTests.a */; };
/* End PBXBuildFile section */

/* Begin PBXContainerItemProxy section */
		18BC46561CDFBE02006DC885 /* PBXContainerItemProxy */ = {
			isa = PBXContainerItemProxy;
			containerPortal = 18BC46311CDFBE01006DC885 /* Project object */;
			proxyType = 1;
			remoteGlobalIDString = 18BC46381CDFBE01006DC885;
			remoteInfo = Desafio_M4U;
		};
		18BC46611CDFBE02006DC885 /* PBXContainerItemProxy */ = {
			isa = PBXContainerItemProxy;
			containerPortal = 18BC46311CDFBE01006DC885 /* Project object */;
			proxyType = 1;
			remoteGlobalIDString = 18BC46381CDFBE01006DC885;
			remoteInfo = Desafio_M4U;
		};
/* End PBXContainerItemProxy section */

/* Begin PBXFileReference section */
		0962FC63ED83FC4FDE1F5BBC /* libPods-Desafio_M4U.a */ = {isa = PBXFileReference; explicitFileType = archive.ar; includeInIndex = 0; path = "libPods-Desafio_M4U.a"; sourceTree = BUILT_PRODUCTS_DIR; };
		1876BE431CE8BD9100C1D9CE /* Produto.h */ = {isa = PBXFileReference; fileEncoding = 4; lastKnownFileType = sourcecode.c.h; path = Produto.h; sourceTree = "<group>"; };
		1876BE441CE8BD9100C1D9CE /* Produto.m */ = {isa = PBXFileReference; fileEncoding = 4; lastKnownFileType = sourcecode.c.objc; path = Produto.m; sourceTree = "<group>"; };
		1876BE461CE8BE1800C1D9CE /* ProdutoDao.h */ = {isa = PBXFileReference; fileEncoding = 4; lastKnownFileType = sourcecode.c.h; path = ProdutoDao.h; sourceTree = "<group>"; };
		1876BE471CE8BE1800C1D9CE /* ProdutoDao.m */ = {isa = PBXFileReference; fileEncoding = 4; lastKnownFileType = sourcecode.c.objc; path = ProdutoDao.m; sourceTree = "<group>"; };
		1876BE491CE8C08B00C1D9CE /* ProdutoBusiness.h */ = {isa = PBXFileReference; fileEncoding = 4; lastKnownFileType = sourcecode.c.h; path = ProdutoBusiness.h; sourceTree = "<group>"; };
		1876BE4A1CE8C08B00C1D9CE /* ProdutoBusiness.m */ = {isa = PBXFileReference; fileEncoding = 4; lastKnownFileType = sourcecode.c.objc; path = ProdutoBusiness.m; sourceTree = "<group>"; };
		18BC46391CDFBE01006DC885 /* Desafio_M4U.app */ = {isa = PBXFileReference; explicitFileType = wrapper.application; includeInIndex = 0; path = Desafio_M4U.app; sourceTree = BUILT_PRODUCTS_DIR; };
		18BC463D1CDFBE02006DC885 /* main.m */ = {isa = PBXFileReference; lastKnownFileType = sourcecode.c.objc; path = main.m; sourceTree = "<group>"; };
		18BC463F1CDFBE02006DC885 /* AppDelegate.h */ = {isa = PBXFileReference; lastKnownFileType = sourcecode.c.h; path = AppDelegate.h; sourceTree = "<group>"; };
		18BC46401CDFBE02006DC885 /* AppDelegate.m */ = {isa = PBXFileReference; lastKnownFileType = sourcecode.c.objc; path = AppDelegate.m; sourceTree = "<group>"; };
		18BC46421CDFBE02006DC885 /* ViewController.h */ = {isa = PBXFileReference; lastKnownFileType = sourcecode.c.h; path = ViewController.h; sourceTree = "<group>"; };
		18BC46431CDFBE02006DC885 /* ViewController.m */ = {isa = PBXFileReference; lastKnownFileType = sourcecode.c.objc; path = ViewController.m; sourceTree = "<group>"; };
		18BC46461CDFBE02006DC885 /* Base */ = {isa = PBXFileReference; lastKnownFileType = file.storyboard; name = Base; path = Base.lproj/Main.storyboard; sourceTree = "<group>"; };
		18BC46491CDFBE02006DC885 /* Desafio_M4U.xcdatamodel */ = {isa = PBXFileReference; lastKnownFileType = wrapper.xcdatamodel; path = Desafio_M4U.xcdatamodel; sourceTree = "<group>"; };
		18BC464B1CDFBE02006DC885 /* Assets.xcassets */ = {isa = PBXFileReference; lastKnownFileType = folder.assetcatalog; path = Assets.xcassets; sourceTree = "<group>"; };
		18BC464E1CDFBE02006DC885 /* Base */ = {isa = PBXFileReference; lastKnownFileType = file.storyboard; name = Base; path = Base.lproj/LaunchScreen.storyboard; sourceTree = "<group>"; };
		18BC46501CDFBE02006DC885 /* Info.plist */ = {isa = PBXFileReference; lastKnownFileType = text.plist.xml; path = Info.plist; sourceTree = "<group>"; };
		18BC46551CDFBE02006DC885 /* Desafio_M4UTests.xctest */ = {isa = PBXFileReference; explicitFileType = wrapper.cfbundle; includeInIndex = 0; path = Desafio_M4UTests.xctest; sourceTree = BUILT_PRODUCTS_DIR; };
		18BC46591CDFBE02006DC885 /* Desafio_M4UTests.m */ = {isa = PBXFileReference; lastKnownFileType = sourcecode.c.objc; path = Desafio_M4UTests.m; sourceTree = "<group>"; };
		18BC465B1CDFBE02006DC885 /* Info.plist */ = {isa = PBXFileReference; lastKnownFileType = text.plist.xml; path = Info.plist; sourceTree = "<group>"; };
		18BC46601CDFBE02006DC885 /* Desafio_M4UUITests.xctest */ = {isa = PBXFileReference; explicitFileType = wrapper.cfbundle; includeInIndex = 0; path = Desafio_M4UUITests.xctest; sourceTree = BUILT_PRODUCTS_DIR; };
		18BC46641CDFBE02006DC885 /* Desafio_M4UUITests.m */ = {isa = PBXFileReference; lastKnownFileType = sourcecode.c.objc; path = Desafio_M4UUITests.m; sourceTree = "<group>"; };
		18BC46661CDFBE02006DC885 /* Info.plist */ = {isa = PBXFileReference; lastKnownFileType = text.plist.xml; path = Info.plist; sourceTree = "<group>"; };
		18C5A4C81CED668B004F454E /* Dao.h */ = {isa = PBXFileReference; fileEncoding = 4; lastKnownFileType = sourcecode.c.h; path = Dao.h; sourceTree = "<group>"; };
		18C5A4C91CED668B004F454E /* Dao.m */ = {isa = PBXFileReference; fileEncoding = 4; lastKnownFileType = sourcecode.c.objc; path = Dao.m; sourceTree = "<group>"; };
		18C5A4CD1CEE87E4004F454E /* CarrinhoAddViewController.h */ = {isa = PBXFileReference; fileEncoding = 4; lastKnownFileType = sourcecode.c.h; path = CarrinhoAddViewController.h; sourceTree = "<group>"; };
		18C5A4CE1CEE87E4004F454E /* CarrinhoAddViewController.m */ = {isa = PBXFileReference; fileEncoding = 4; lastKnownFileType = sourcecode.c.objc; path = CarrinhoAddViewController.m; sourceTree = "<group>"; };
		18C5A4CF1CEE87E4004F454E /* CarrinhoAddViewController.xib */ = {isa = PBXFileReference; fileEncoding = 4; lastKnownFileType = file.xib; path = CarrinhoAddViewController.xib; sourceTree = "<group>"; };
		18C5A4D41CEE9792004F454E /* carrinho.png */ = {isa = PBXFileReference; lastKnownFileType = image.png; path = carrinho.png; sourceTree = "<group>"; };
		18C5A4D61CEE97D3004F454E /* cancelar.png */ = {isa = PBXFileReference; lastKnownFileType = image.png; path = cancelar.png; sourceTree = "<group>"; };
		18C5A4D81CEE97EB004F454E /* comprar.png */ = {isa = PBXFileReference; lastKnownFileType = image.png; path = comprar.png; sourceTree = "<group>"; };
		18C5A4DB1CEEA7E3004F454E /* CarrinhoViewController.h */ = {isa = PBXFileReference; fileEncoding = 4; lastKnownFileType = sourcecode.c.h; path = CarrinhoViewController.h; sourceTree = "<group>"; };
		18C5A4DC1CEEA7E3004F454E /* CarrinhoViewController.m */ = {isa = PBXFileReference; fileEncoding = 4; lastKnownFileType = sourcecode.c.objc; path = CarrinhoViewController.m; sourceTree = "<group>"; };
		18C5A4E11CEFDD69004F454E /* AbstractViewController.h */ = {isa = PBXFileReference; fileEncoding = 4; lastKnownFileType = sourcecode.c.h; path = AbstractViewController.h; sourceTree = "<group>"; };
		18C5A4E21CEFDD69004F454E /* AbstractViewController.m */ = {isa = PBXFileReference; fileEncoding = 4; lastKnownFileType = sourcecode.c.objc; path = AbstractViewController.m; sourceTree = "<group>"; };
		18C5A4E51CF000C5004F454E /* UsuarioSessao.h */ = {isa = PBXFileReference; fileEncoding = 4; lastKnownFileType = sourcecode.c.h; path = UsuarioSessao.h; sourceTree = "<group>"; };
		18C5A4E61CF000C5004F454E /* UsuarioSessao.m */ = {isa = PBXFileReference; fileEncoding = 4; lastKnownFileType = sourcecode.c.objc; path = UsuarioSessao.m; sourceTree = "<group>"; };
		18DF93291CE1332200943A2A /* PessoaDao.h */ = {isa = PBXFileReference; fileEncoding = 4; lastKnownFileType = sourcecode.c.h; path = PessoaDao.h; sourceTree = "<group>"; };
		18DF932A1CE1332200943A2A /* PessoaDao.m */ = {isa = PBXFileReference; fileEncoding = 4; lastKnownFileType = sourcecode.c.objc; path = PessoaDao.m; sourceTree = "<group>"; };
		18DF932C1CE1337500943A2A /* CoreData.framework */ = {isa = PBXFileReference; lastKnownFileType = wrapper.framework; name = CoreData.framework; path = System/Library/Frameworks/CoreData.framework; sourceTree = SDKROOT; };
		18DF93311CE13BAD00943A2A /* Pessoa.h */ = {isa = PBXFileReference; fileEncoding = 4; lastKnownFileType = sourcecode.c.h; path = Pessoa.h; sourceTree = "<group>"; };
		18DF93321CE13BAD00943A2A /* Pessoa.m */ = {isa = PBXFileReference; fileEncoding = 4; lastKnownFileType = sourcecode.c.objc; path = Pessoa.m; sourceTree = "<group>"; };
		18DF93381CE2CDF900943A2A /* PessoaBusiness.h */ = {isa = PBXFileReference; fileEncoding = 4; lastKnownFileType = sourcecode.c.h; path = PessoaBusiness.h; sourceTree = "<group>"; };
		18DF93391CE2CDF900943A2A /* PessoaBusiness.m */ = {isa = PBXFileReference; fileEncoding = 4; lastKnownFileType = sourcecode.c.objc; path = PessoaBusiness.m; sourceTree = "<group>"; };
		18F36CE71CE4CAA70035E80B /* Constants.h */ = {isa = PBXFileReference; fileEncoding = 4; lastKnownFileType = sourcecode.c.h; path = Constants.h; sourceTree = "<group>"; };
		18F36CE81CE4CAA70035E80B /* Constants.m */ = {isa = PBXFileReference; fileEncoding = 4; lastKnownFileType = sourcecode.c.objc; path = Constants.m; sourceTree = "<group>"; };
		18F36CED1CE4CF5D0035E80B /* ComprarArtesViewController.h */ = {isa = PBXFileReference; fileEncoding = 4; lastKnownFileType = sourcecode.c.h; path = ComprarArtesViewController.h; sourceTree = "<group>"; };
		18F36CEE1CE4CF5D0035E80B /* ComprarArtesViewController.m */ = {isa = PBXFileReference; fileEncoding = 4; lastKnownFileType = sourcecode.c.objc; path = ComprarArtesViewController.m; sourceTree = "<group>"; };
		18F36CF11CE572F50035E80B /* CellCompraArte.h */ = {isa = PBXFileReference; fileEncoding = 4; lastKnownFileType = sourcecode.c.h; path = CellCompraArte.h; sourceTree = "<group>"; };
		18F36CF21CE572F50035E80B /* CellCompraArte.m */ = {isa = PBXFileReference; fileEncoding = 4; lastKnownFileType = sourcecode.c.objc; path = CellCompraArte.m; sourceTree = "<group>"; };
		5CD525F5DBE7CD1D1A508E7C /* Pods-Desafio_M4UUITests.release.xcconfig */ = {isa = PBXFileReference; includeInIndex = 1; lastKnownFileType = text.xcconfig; name = "Pods-Desafio_M4UUITests.release.xcconfig"; path = "Pods/Target Support Files/Pods-Desafio_M4UUITests/Pods-Desafio_M4UUITests.release.xcconfig"; sourceTree = "<group>"; };
		63F20E1B6F0265159BF31A00 /* Pods-Desafio_M4UUITests.debug.xcconfig */ = {isa = PBXFileReference; includeInIndex = 1; lastKnownFileType = text.xcconfig; name = "Pods-Desafio_M4UUITests.debug.xcconfig"; path = "Pods/Target Support Files/Pods-Desafio_M4UUITests/Pods-Desafio_M4UUITests.debug.xcconfig"; sourceTree = "<group>"; };
		6DEBE0005790910619960B6C /* Pods-Desafio_M4UTests.release.xcconfig */ = {isa = PBXFileReference; includeInIndex = 1; lastKnownFileType = text.xcconfig; name = "Pods-Desafio_M4UTests.release.xcconfig"; path = "Pods/Target Support Files/Pods-Desafio_M4UTests/Pods-Desafio_M4UTests.release.xcconfig"; sourceTree = "<group>"; };
		76F342B1B9E45D19E1157B93 /* libPods-Desafio_M4UUITests.a */ = {isa = PBXFileReference; explicitFileType = archive.ar; includeInIndex = 0; path = "libPods-Desafio_M4UUITests.a"; sourceTree = BUILT_PRODUCTS_DIR; };
		D93301E029CEA880415F70E1 /* libPods-Desafio_M4UTests.a */ = {isa = PBXFileReference; explicitFileType = archive.ar; includeInIndex = 0; path = "libPods-Desafio_M4UTests.a"; sourceTree = BUILT_PRODUCTS_DIR; };
		F292262F1AB8BEE05B33EAAD /* Pods-Desafio_M4U.release.xcconfig */ = {isa = PBXFileReference; includeInIndex = 1; lastKnownFileType = text.xcconfig; name = "Pods-Desafio_M4U.release.xcconfig"; path = "Pods/Target Support Files/Pods-Desafio_M4U/Pods-Desafio_M4U.release.xcconfig"; sourceTree = "<group>"; };
		F3C8FD33643F7D0D89131FB1 /* Pods-Desafio_M4UTests.debug.xcconfig */ = {isa = PBXFileReference; includeInIndex = 1; lastKnownFileType = text.xcconfig; name = "Pods-Desafio_M4UTests.debug.xcconfig"; path = "Pods/Target Support Files/Pods-Desafio_M4UTests/Pods-Desafio_M4UTests.debug.xcconfig"; sourceTree = "<group>"; };
		F5B417E52D88A0FAC64EFD28 /* Pods-Desafio_M4U.debug.xcconfig */ = {isa = PBXFileReference; includeInIndex = 1; lastKnownFileType = text.xcconfig; name = "Pods-Desafio_M4U.debug.xcconfig"; path = "Pods/Target Support Files/Pods-Desafio_M4U/Pods-Desafio_M4U.debug.xcconfig"; sourceTree = "<group>"; };
/* End PBXFileReference section */

/* Begin PBXFrameworksBuildPhase section */
		18BC46361CDFBE01006DC885 /* Frameworks */ = {
			isa = PBXFrameworksBuildPhase;
			buildActionMask = 2147483647;
			files = (
				18DF932D1CE1337500943A2A /* CoreData.framework in Frameworks */,
				CA5C63642C2FA162464D1811 /* libPods-Desafio_M4U.a in Frameworks */,
			);
			runOnlyForDeploymentPostprocessing = 0;
		};
		18BC46521CDFBE02006DC885 /* Frameworks */ = {
			isa = PBXFrameworksBuildPhase;
			buildActionMask = 2147483647;
			files = (
				F24B31DC118267168813631D /* libPods-Desafio_M4UTests.a in Frameworks */,
			);
			runOnlyForDeploymentPostprocessing = 0;
		};
		18BC465D1CDFBE02006DC885 /* Frameworks */ = {
			isa = PBXFrameworksBuildPhase;
			buildActionMask = 2147483647;
			files = (
				930517E6951A764CD28D836A /* libPods-Desafio_M4UUITests.a in Frameworks */,
			);
			runOnlyForDeploymentPostprocessing = 0;
		};
/* End PBXFrameworksBuildPhase section */

/* Begin PBXGroup section */
		18BC46301CDFBE01006DC885 = {
			isa = PBXGroup;
			children = (
				18DF932C1CE1337500943A2A /* CoreData.framework */,
				18BC463B1CDFBE01006DC885 /* Desafio_M4U */,
				18BC46581CDFBE02006DC885 /* Desafio_M4UTests */,
				18BC46631CDFBE02006DC885 /* Desafio_M4UUITests */,
				18BC463A1CDFBE01006DC885 /* Products */,
				5A8154BB7991F4F4CBBF39E1 /* Pods */,
				F5D9DD2148DEBFEB009B369C /* Frameworks */,
			);
			sourceTree = "<group>";
		};
		18BC463A1CDFBE01006DC885 /* Products */ = {
			isa = PBXGroup;
			children = (
				18BC46391CDFBE01006DC885 /* Desafio_M4U.app */,
				18BC46551CDFBE02006DC885 /* Desafio_M4UTests.xctest */,
				18BC46601CDFBE02006DC885 /* Desafio_M4UUITests.xctest */,
			);
			name = Products;
			sourceTree = "<group>";
		};
		18BC463B1CDFBE01006DC885 /* Desafio_M4U */ = {
			isa = PBXGroup;
			children = (
				18C5A4E41CF0009B004F454E /* util */,
				18C5A4DA1CEE97F7004F454E /* imagem */,
				18F36CF01CE5728F0035E80B /* view */,
				18DF93251CE12FA800943A2A /* model */,
				18CEE0751CE0217300746B73 /* ViewController */,
				18BC463F1CDFBE02006DC885 /* AppDelegate.h */,
				18BC46401CDFBE02006DC885 /* AppDelegate.m */,
				18BC464B1CDFBE02006DC885 /* Assets.xcassets */,
				18BC464D1CDFBE02006DC885 /* LaunchScreen.storyboard */,
				18BC46501CDFBE02006DC885 /* Info.plist */,
				18BC46481CDFBE02006DC885 /* Desafio_M4U.xcdatamodeld */,
				18BC463C1CDFBE01006DC885 /* Supporting Files */,
			);
			path = Desafio_M4U;
			sourceTree = "<group>";
		};
		18BC463C1CDFBE01006DC885 /* Supporting Files */ = {
			isa = PBXGroup;
			children = (
				18BC463D1CDFBE02006DC885 /* main.m */,
			);
			name = "Supporting Files";
			sourceTree = "<group>";
		};
		18BC46581CDFBE02006DC885 /* Desafio_M4UTests */ = {
			isa = PBXGroup;
			children = (
				18BC46591CDFBE02006DC885 /* Desafio_M4UTests.m */,
				18BC465B1CDFBE02006DC885 /* Info.plist */,
			);
			path = Desafio_M4UTests;
			sourceTree = "<group>";
		};
		18BC46631CDFBE02006DC885 /* Desafio_M4UUITests */ = {
			isa = PBXGroup;
			children = (
				18BC46641CDFBE02006DC885 /* Desafio_M4UUITests.m */,
				18BC46661CDFBE02006DC885 /* Info.plist */,
			);
			path = Desafio_M4UUITests;
			sourceTree = "<group>";
		};
		18C5A4DA1CEE97F7004F454E /* imagem */ = {
			isa = PBXGroup;
			children = (
				18C5A4D81CEE97EB004F454E /* comprar.png */,
				18C5A4D61CEE97D3004F454E /* cancelar.png */,
				18C5A4D41CEE9792004F454E /* carrinho.png */,
			);
			name = imagem;
			sourceTree = "<group>";
		};
		18C5A4E41CF0009B004F454E /* util */ = {
			isa = PBXGroup;
			children = (
				18C5A4E51CF000C5004F454E /* UsuarioSessao.h */,
				18C5A4E61CF000C5004F454E /* UsuarioSessao.m */,
			);
			name = util;
			sourceTree = "<group>";
		};
		18CEE0751CE0217300746B73 /* ViewController */ = {
			isa = PBXGroup;
			children = (
				18BC46421CDFBE02006DC885 /* ViewController.h */,
				18BC46431CDFBE02006DC885 /* ViewController.m */,
				18BC46451CDFBE02006DC885 /* Main.storyboard */,
				18F36CED1CE4CF5D0035E80B /* ComprarArtesViewController.h */,
				18F36CEE1CE4CF5D0035E80B /* ComprarArtesViewController.m */,
				18C5A4CD1CEE87E4004F454E /* CarrinhoAddViewController.h */,
				18C5A4CE1CEE87E4004F454E /* CarrinhoAddViewController.m */,
				18C5A4CF1CEE87E4004F454E /* CarrinhoAddViewController.xib */,
				18C5A4DB1CEEA7E3004F454E /* CarrinhoViewController.h */,
				18C5A4DC1CEEA7E3004F454E /* CarrinhoViewController.m */,
				18C5A4E11CEFDD69004F454E /* AbstractViewController.h */,
				18C5A4E21CEFDD69004F454E /* AbstractViewController.m */,
			);
			name = ViewController;
			sourceTree = "<group>";
		};
		18DF93251CE12FA800943A2A /* model */ = {
			isa = PBXGroup;
			children = (
				18F36CE61CE4CA870035E80B /* constants */,
				18DF93371CE2CDE200943A2A /* business */,
				18DF93281CE12FC100943A2A /* entity */,
				18DF93271CE12FBC00943A2A /* dao */,
			);
			name = model;
			sourceTree = "<group>";
		};
		18DF93271CE12FBC00943A2A /* dao */ = {
			isa = PBXGroup;
			children = (
				18DF93291CE1332200943A2A /* PessoaDao.h */,
				18DF932A1CE1332200943A2A /* PessoaDao.m */,
				1876BE461CE8BE1800C1D9CE /* ProdutoDao.h */,
				1876BE471CE8BE1800C1D9CE /* ProdutoDao.m */,
				18C5A4C81CED668B004F454E /* Dao.h */,
				18C5A4C91CED668B004F454E /* Dao.m */,
			);
			name = dao;
			sourceTree = "<group>";
		};
		18DF93281CE12FC100943A2A /* entity */ = {
			isa = PBXGroup;
			children = (
				18DF93311CE13BAD00943A2A /* Pessoa.h */,
				18DF93321CE13BAD00943A2A /* Pessoa.m */,
				1876BE431CE8BD9100C1D9CE /* Produto.h */,
				1876BE441CE8BD9100C1D9CE /* Produto.m */,
			);
			name = entity;
			sourceTree = "<group>";
		};
		18DF93371CE2CDE200943A2A /* business */ = {
			isa = PBXGroup;
			children = (
				18DF93381CE2CDF900943A2A /* PessoaBusiness.h */,
				18DF93391CE2CDF900943A2A /* PessoaBusiness.m */,
				1876BE491CE8C08B00C1D9CE /* ProdutoBusiness.h */,
				1876BE4A1CE8C08B00C1D9CE /* ProdutoBusiness.m */,
			);
			name = business;
			sourceTree = "<group>";
		};
		18F36CE61CE4CA870035E80B /* constants */ = {
			isa = PBXGroup;
			children = (
				18F36CE71CE4CAA70035E80B /* Constants.h */,
				18F36CE81CE4CAA70035E80B /* Constants.m */,
			);
			name = constants;
			sourceTree = "<group>";
		};
		18F36CF01CE5728F0035E80B /* view */ = {
			isa = PBXGroup;
			children = (
				18F36CF11CE572F50035E80B /* CellCompraArte.h */,
				18F36CF21CE572F50035E80B /* CellCompraArte.m */,
			);
			name = view;
			sourceTree = "<group>";
		};
		5A8154BB7991F4F4CBBF39E1 /* Pods */ = {
			isa = PBXGroup;
			children = (
				F5B417E52D88A0FAC64EFD28 /* Pods-Desafio_M4U.debug.xcconfig */,
				F292262F1AB8BEE05B33EAAD /* Pods-Desafio_M4U.release.xcconfig */,
				F3C8FD33643F7D0D89131FB1 /* Pods-Desafio_M4UTests.debug.xcconfig */,
				6DEBE0005790910619960B6C /* Pods-Desafio_M4UTests.release.xcconfig */,
				63F20E1B6F0265159BF31A00 /* Pods-Desafio_M4UUITests.debug.xcconfig */,
				5CD525F5DBE7CD1D1A508E7C /* Pods-Desafio_M4UUITests.release.xcconfig */,
			);
			name = Pods;
			sourceTree = "<group>";
		};
		F5D9DD2148DEBFEB009B369C /* Frameworks */ = {
			isa = PBXGroup;
			children = (
				0962FC63ED83FC4FDE1F5BBC /* libPods-Desafio_M4U.a */,
				D93301E029CEA880415F70E1 /* libPods-Desafio_M4UTests.a */,
				76F342B1B9E45D19E1157B93 /* libPods-Desafio_M4UUITests.a */,
			);
			name = Frameworks;
			sourceTree = "<group>";
		};
/* End PBXGroup section */

/* Begin PBXNativeTarget section */
		18BC46381CDFBE01006DC885 /* Desafio_M4U */ = {
			isa = PBXNativeTarget;
			buildConfigurationList = 18BC46691CDFBE02006DC885 /* Build configuration list for PBXNativeTarget "Desafio_M4U" */;
			buildPhases = (
				DD2D47C3E280FCADFF007DF4 /* [CP] Check Pods Manifest.lock */,
				18BC46351CDFBE01006DC885 /* Sources */,
				18BC46361CDFBE01006DC885 /* Frameworks */,
				18BC46371CDFBE01006DC885 /* Resources */,
				C8DE9752CD565FDCA0BC05D5 /* [CP] Embed Pods Frameworks */,
				6DFB8B713272B70C44683F08 /* [CP] Copy Pods Resources */,
			);
			buildRules = (
			);
			dependencies = (
			);
			name = Desafio_M4U;
			productName = Desafio_M4U;
			productReference = 18BC46391CDFBE01006DC885 /* Desafio_M4U.app */;
			productType = "com.apple.product-type.application";
		};
		18BC46541CDFBE02006DC885 /* Desafio_M4UTests */ = {
			isa = PBXNativeTarget;
			buildConfigurationList = 18BC466C1CDFBE02006DC885 /* Build configuration list for PBXNativeTarget "Desafio_M4UTests" */;
			buildPhases = (
				B5B37846D9D91E2D711B3D03 /* [CP] Check Pods Manifest.lock */,
				18BC46511CDFBE02006DC885 /* Sources */,
				18BC46521CDFBE02006DC885 /* Frameworks */,
				18BC46531CDFBE02006DC885 /* Resources */,
				1508D706D9168A1B98FA8D83 /* [CP] Embed Pods Frameworks */,
				5A9921A8F43F65289D225E08 /* [CP] Copy Pods Resources */,
			);
			buildRules = (
			);
			dependencies = (
				18BC46571CDFBE02006DC885 /* PBXTargetDependency */,
			);
			name = Desafio_M4UTests;
			productName = Desafio_M4UTests;
			productReference = 18BC46551CDFBE02006DC885 /* Desafio_M4UTests.xctest */;
			productType = "com.apple.product-type.bundle.unit-test";
		};
		18BC465F1CDFBE02006DC885 /* Desafio_M4UUITests */ = {
			isa = PBXNativeTarget;
			buildConfigurationList = 18BC466F1CDFBE02006DC885 /* Build configuration list for PBXNativeTarget "Desafio_M4UUITests" */;
			buildPhases = (
				F49AF4C0D57052D23DEEF13F /* [CP] Check Pods Manifest.lock */,
				18BC465C1CDFBE02006DC885 /* Sources */,
				18BC465D1CDFBE02006DC885 /* Frameworks */,
				18BC465E1CDFBE02006DC885 /* Resources */,
				868DB97F2EBA66140D0E9F0D /* [CP] Embed Pods Frameworks */,
				3F5A9BD1B79CFF9DA5DF4E5C /* [CP] Copy Pods Resources */,
			);
			buildRules = (
			);
			dependencies = (
				18BC46621CDFBE02006DC885 /* PBXTargetDependency */,
			);
			name = Desafio_M4UUITests;
			productName = Desafio_M4UUITests;
			productReference = 18BC46601CDFBE02006DC885 /* Desafio_M4UUITests.xctest */;
			productType = "com.apple.product-type.bundle.ui-testing";
		};
/* End PBXNativeTarget section */

/* Begin PBXProject section */
		18BC46311CDFBE01006DC885 /* Project object */ = {
			isa = PBXProject;
			attributes = {
				LastUpgradeCheck = 0720;
				ORGANIZATIONNAME = Marcos;
				TargetAttributes = {
					18BC46381CDFBE01006DC885 = {
						CreatedOnToolsVersion = 7.2.1;
						DevelopmentTeam = V2686JM7D9;
					};
					18BC46541CDFBE02006DC885 = {
						CreatedOnToolsVersion = 7.2.1;
						DevelopmentTeam = V2686JM7D9;
						TestTargetID = 18BC46381CDFBE01006DC885;
					};
					18BC465F1CDFBE02006DC885 = {
						CreatedOnToolsVersion = 7.2.1;
						DevelopmentTeam = V2686JM7D9;
						TestTargetID = 18BC46381CDFBE01006DC885;
					};
				};
			};
			buildConfigurationList = 18BC46341CDFBE01006DC885 /* Build configuration list for PBXProject "Desafio_M4U" */;
			compatibilityVersion = "Xcode 3.2";
			developmentRegion = English;
			hasScannedForEncodings = 0;
			knownRegions = (
				en,
				Base,
			);
			mainGroup = 18BC46301CDFBE01006DC885;
			productRefGroup = 18BC463A1CDFBE01006DC885 /* Products */;
			projectDirPath = "";
			projectRoot = "";
			targets = (
				18BC46381CDFBE01006DC885 /* Desafio_M4U */,
				18BC46541CDFBE02006DC885 /* Desafio_M4UTests */,
				18BC465F1CDFBE02006DC885 /* Desafio_M4UUITests */,
			);
		};
/* End PBXProject section */

/* Begin PBXResourcesBuildPhase section */
		18BC46371CDFBE01006DC885 /* Resources */ = {
			isa = PBXResourcesBuildPhase;
			buildActionMask = 2147483647;
			files = (
				18C5A4D51CEE9792004F454E /* carrinho.png in Resources */,
				18BC464F1CDFBE02006DC885 /* LaunchScreen.storyboard in Resources */,
				18C5A4D91CEE97EB004F454E /* comprar.png in Resources */,
				18C5A4D11CEE87E4004F454E /* CarrinhoAddViewController.xib in Resources */,
				18BC464C1CDFBE02006DC885 /* Assets.xcassets in Resources */,
				18BC46471CDFBE02006DC885 /* Main.storyboard in Resources */,
				18C5A4D71CEE97D3004F454E /* cancelar.png in Resources */,
			);
			runOnlyForDeploymentPostprocessing = 0;
		};
		18BC46531CDFBE02006DC885 /* Resources */ = {
			isa = PBXResourcesBuildPhase;
			buildActionMask = 2147483647;
			files = (
			);
			runOnlyForDeploymentPostprocessing = 0;
		};
		18BC465E1CDFBE02006DC885 /* Resources */ = {
			isa = PBXResourcesBuildPhase;
			buildActionMask = 2147483647;
			files = (
			);
			runOnlyForDeploymentPostprocessing = 0;
		};
/* End PBXResourcesBuildPhase section */

/* Begin PBXShellScriptBuildPhase section */
		1508D706D9168A1B98FA8D83 /* [CP] Embed Pods Frameworks */ = {
			isa = PBXShellScriptBuildPhase;
			buildActionMask = 2147483647;
			files = (
			);
			inputPaths = (
			);
			name = "[CP] Embed Pods Frameworks";
			outputPaths = (
			);
			runOnlyForDeploymentPostprocessing = 0;
			shellPath = /bin/sh;
			shellScript = "\"${SRCROOT}/Pods/Target Support Files/Pods-Desafio_M4UTests/Pods-Desafio_M4UTests-frameworks.sh\"\n";
			showEnvVarsInLog = 0;
		};
		3F5A9BD1B79CFF9DA5DF4E5C /* [CP] Copy Pods Resources */ = {
			isa = PBXShellScriptBuildPhase;
			buildActionMask = 2147483647;
			files = (
			);
			inputPaths = (
			);
			name = "[CP] Copy Pods Resources";
			outputPaths = (
			);
			runOnlyForDeploymentPostprocessing = 0;
			shellPath = /bin/sh;
			shellScript = "\"${SRCROOT}/Pods/Target Support Files/Pods-Desafio_M4UUITests/Pods-Desafio_M4UUITests-resources.sh\"\n";
			showEnvVarsInLog = 0;
		};
		5A9921A8F43F65289D225E08 /* [CP] Copy Pods Resources */ = {
			isa = PBXShellScriptBuildPhase;
			buildActionMask = 2147483647;
			files = (
			);
			inputPaths = (
			);
			name = "[CP] Copy Pods Resources";
			outputPaths = (
			);
			runOnlyForDeploymentPostprocessing = 0;
			shellPath = /bin/sh;
			shellScript = "\"${SRCROOT}/Pods/Target Support Files/Pods-Desafio_M4UTests/Pods-Desafio_M4UTests-resources.sh\"\n";
			showEnvVarsInLog = 0;
		};
		6DFB8B713272B70C44683F08 /* [CP] Copy Pods Resources */ = {
			isa = PBXShellScriptBuildPhase;
			buildActionMask = 2147483647;
			files = (
			);
			inputPaths = (
			);
			name = "[CP] Copy Pods Resources";
			outputPaths = (
			);
			runOnlyForDeploymentPostprocessing = 0;
			shellPath = /bin/sh;
			shellScript = "\"${SRCROOT}/Pods/Target Support Files/Pods-Desafio_M4U/Pods-Desafio_M4U-resources.sh\"\n";
			showEnvVarsInLog = 0;
		};
		868DB97F2EBA66140D0E9F0D /* [CP] Embed Pods Frameworks */ = {
			isa = PBXShellScriptBuildPhase;
			buildActionMask = 2147483647;
			files = (
			);
			inputPaths = (
			);
			name = "[CP] Embed Pods Frameworks";
			outputPaths = (
			);
			runOnlyForDeploymentPostprocessing = 0;
			shellPath = /bin/sh;
			shellScript = "\"${SRCROOT}/Pods/Target Support Files/Pods-Desafio_M4UUITests/Pods-Desafio_M4UUITests-frameworks.sh\"\n";
			showEnvVarsInLog = 0;
		};
		B5B37846D9D91E2D711B3D03 /* [CP] Check Pods Manifest.lock */ = {
			isa = PBXShellScriptBuildPhase;
			buildActionMask = 2147483647;
			files = (
			);
			inputPaths = (
			);
			name = "[CP] Check Pods Manifest.lock";
			outputPaths = (
			);
			runOnlyForDeploymentPostprocessing = 0;
			shellPath = /bin/sh;
			shellScript = "diff \"${PODS_ROOT}/../Podfile.lock\" \"${PODS_ROOT}/Manifest.lock\" > /dev/null\nif [ $? != 0 ] ; then\n    # print error to STDERR\n    echo \"error: The sandbox is not in sync with the Podfile.lock. Run 'pod install' or update your CocoaPods installation.\" >&2\n    exit 1\nfi\n";
			showEnvVarsInLog = 0;
		};
		C8DE9752CD565FDCA0BC05D5 /* [CP] Embed Pods Frameworks */ = {
			isa = PBXShellScriptBuildPhase;
			buildActionMask = 2147483647;
			files = (
			);
			inputPaths = (
			);
			name = "[CP] Embed Pods Frameworks";
			outputPaths = (
			);
			runOnlyForDeploymentPostprocessing = 0;
			shellPath = /bin/sh;
			shellScript = "\"${SRCROOT}/Pods/Target Support Files/Pods-Desafio_M4U/Pods-Desafio_M4U-frameworks.sh\"\n";
			showEnvVarsInLog = 0;
		};
		DD2D47C3E280FCADFF007DF4 /* [CP] Check Pods Manifest.lock */ = {
			isa = PBXShellScriptBuildPhase;
			buildActionMask = 2147483647;
			files = (
			);
			inputPaths = (
			);
			name = "[CP] Check Pods Manifest.lock";
			outputPaths = (
			);
			runOnlyForDeploymentPostprocessing = 0;
			shellPath = /bin/sh;
			shellScript = "diff \"${PODS_ROOT}/../Podfile.lock\" \"${PODS_ROOT}/Manifest.lock\" > /dev/null\nif [ $? != 0 ] ; then\n    # print error to STDERR\n    echo \"error: The sandbox is not in sync with the Podfile.lock. Run 'pod install' or update your CocoaPods installation.\" >&2\n    exit 1\nfi\n";
			showEnvVarsInLog = 0;
		};
		F49AF4C0D57052D23DEEF13F /* [CP] Check Pods Manifest.lock */ = {
			isa = PBXShellScriptBuildPhase;
			buildActionMask = 2147483647;
			files = (
			);
			inputPaths = (
			);
			name = "[CP] Check Pods Manifest.lock";
			outputPaths = (
			);
			runOnlyForDeploymentPostprocessing = 0;
			shellPath = /bin/sh;
			shellScript = "diff \"${PODS_ROOT}/../Podfile.lock\" \"${PODS_ROOT}/Manifest.lock\" > /dev/null\nif [ $? != 0 ] ; then\n    # print error to STDERR\n    echo \"error: The sandbox is not in sync with the Podfile.lock. Run 'pod install' or update your CocoaPods installation.\" >&2\n    exit 1\nfi\n";
			showEnvVarsInLog = 0;
		};
/* End PBXShellScriptBuildPhase section */

/* Begin PBXSourcesBuildPhase section */
		18BC46351CDFBE01006DC885 /* Sources */ = {
			isa = PBXSourcesBuildPhase;
			buildActionMask = 2147483647;
			files = (
				18DF93331CE13BAD00943A2A /* Pessoa.m in Sources */,
				18F36CF31CE572F50035E80B /* CellCompraArte.m in Sources */,
				18C5A4E71CF000C5004F454E /* UsuarioSessao.m in Sources */,
				18DF933A1CE2CDF900943A2A /* PessoaBusiness.m in Sources */,
				18BC464A1CDFBE02006DC885 /* Desafio_M4U.xcdatamodeld in Sources */,
				18C5A4D01CEE87E4004F454E /* CarrinhoAddViewController.m in Sources */,
				1876BE4B1CE8C08B00C1D9CE /* ProdutoBusiness.m in Sources */,
				1876BE481CE8BE1800C1D9CE /* ProdutoDao.m in Sources */,
				18F36CE91CE4CAA70035E80B /* Constants.m in Sources */,
				18C5A4DD1CEEA7E3004F454E /* CarrinhoViewController.m in Sources */,
				18BC46441CDFBE02006DC885 /* ViewController.m in Sources */,
				18BC46411CDFBE02006DC885 /* AppDelegate.m in Sources */,
				1876BE451CE8BD9100C1D9CE /* Produto.m in Sources */,
				18BC463E1CDFBE02006DC885 /* main.m in Sources */,
				18DF932B1CE1332200943A2A /* PessoaDao.m in Sources */,
				18C5A4CA1CED668B004F454E /* Dao.m in Sources */,
				18F36CEF1CE4CF5D0035E80B /* ComprarArtesViewController.m in Sources */,
				18C5A4E31CEFDD69004F454E /* AbstractViewController.m in Sources */,
			);
			runOnlyForDeploymentPostprocessing = 0;
		};
		18BC46511CDFBE02006DC885 /* Sources */ = {
			isa = PBXSourcesBuildPhase;
			buildActionMask = 2147483647;
			files = (
				18BC465A1CDFBE02006DC885 /* Desafio_M4UTests.m in Sources */,
			);
			runOnlyForDeploymentPostprocessing = 0;
		};
		18BC465C1CDFBE02006DC885 /* Sources */ = {
			isa = PBXSourcesBuildPhase;
			buildActionMask = 2147483647;
			files = (
				18BC46651CDFBE02006DC885 /* Desafio_M4UUITests.m in Sources */,
			);
			runOnlyForDeploymentPostprocessing = 0;
		};
/* End PBXSourcesBuildPhase section */

/* Begin PBXTargetDependency section */
		18BC46571CDFBE02006DC885 /* PBXTargetDependency */ = {
			isa = PBXTargetDependency;
			target = 18BC46381CDFBE01006DC885 /* Desafio_M4U */;
			targetProxy = 18BC46561CDFBE02006DC885 /* PBXContainerItemProxy */;
		};
		18BC46621CDFBE02006DC885 /* PBXTargetDependency */ = {
			isa = PBXTargetDependency;
			target = 18BC46381CDFBE01006DC885 /* Desafio_M4U */;
			targetProxy = 18BC46611CDFBE02006DC885 /* PBXContainerItemProxy */;
		};
/* End PBXTargetDependency section */

/* Begin PBXVariantGroup section */
		18BC46451CDFBE02006DC885 /* Main.storyboard */ = {
			isa = PBXVariantGroup;
			children = (
				18BC46461CDFBE02006DC885 /* Base */,
			);
			name = Main.storyboard;
			sourceTree = "<group>";
		};
		18BC464D1CDFBE02006DC885 /* LaunchScreen.storyboard */ = {
			isa = PBXVariantGroup;
			children = (
				18BC464E1CDFBE02006DC885 /* Base */,
			);
			name = LaunchScreen.storyboard;
			sourceTree = "<group>";
		};
/* End PBXVariantGroup section */

/* Begin XCBuildConfiguration section */
		18BC46671CDFBE02006DC885 /* Debug */ = {
			isa = XCBuildConfiguration;
			buildSettings = {
				ALWAYS_SEARCH_USER_PATHS = NO;
				CLANG_CXX_LANGUAGE_STANDARD = "gnu++0x";
				CLANG_CXX_LIBRARY = "libc++";
				CLANG_ENABLE_MODULES = YES;
				CLANG_ENABLE_OBJC_ARC = YES;
				CLANG_WARN_BOOL_CONVERSION = YES;
				CLANG_WARN_CONSTANT_CONVERSION = YES;
				CLANG_WARN_DIRECT_OBJC_ISA_USAGE = YES_ERROR;
				CLANG_WARN_EMPTY_BODY = YES;
				CLANG_WARN_ENUM_CONVERSION = YES;
				CLANG_WARN_INT_CONVERSION = YES;
				CLANG_WARN_OBJC_ROOT_CLASS = YES_ERROR;
				CLANG_WARN_UNREACHABLE_CODE = YES;
				CLANG_WARN__DUPLICATE_METHOD_MATCH = YES;
				"CODE_SIGN_IDENTITY[sdk=iphoneos*]" = "iPhone Developer";
				COPY_PHASE_STRIP = NO;
				DEBUG_INFORMATION_FORMAT = dwarf;
				ENABLE_STRICT_OBJC_MSGSEND = YES;
				ENABLE_TESTABILITY = YES;
				GCC_C_LANGUAGE_STANDARD = gnu99;
				GCC_DYNAMIC_NO_PIC = NO;
				GCC_NO_COMMON_BLOCKS = YES;
				GCC_OPTIMIZATION_LEVEL = 0;
				GCC_PREPROCESSOR_DEFINITIONS = (
					"DEBUG=1",
					"$(inherited)",
				);
				GCC_WARN_64_TO_32_BIT_CONVERSION = YES;
				GCC_WARN_ABOUT_RETURN_TYPE = YES_ERROR;
				GCC_WARN_UNDECLARED_SELECTOR = YES;
				GCC_WARN_UNINITIALIZED_AUTOS = YES_AGGRESSIVE;
				GCC_WARN_UNUSED_FUNCTION = YES;
				GCC_WARN_UNUSED_VARIABLE = YES;
				IPHONEOS_DEPLOYMENT_TARGET = 9.2;
				MTL_ENABLE_DEBUG_INFO = YES;
				ONLY_ACTIVE_ARCH = YES;
				SDKROOT = iphoneos;
			};
			name = Debug;
		};
		18BC46681CDFBE02006DC885 /* Release */ = {
			isa = XCBuildConfiguration;
			buildSettings = {
				ALWAYS_SEARCH_USER_PATHS = NO;
				CLANG_CXX_LANGUAGE_STANDARD = "gnu++0x";
				CLANG_CXX_LIBRARY = "libc++";
				CLANG_ENABLE_MODULES = YES;
				CLANG_ENABLE_OBJC_ARC = YES;
				CLANG_WARN_BOOL_CONVERSION = YES;
				CLANG_WARN_CONSTANT_CONVERSION = YES;
				CLANG_WARN_DIRECT_OBJC_ISA_USAGE = YES_ERROR;
				CLANG_WARN_EMPTY_BODY = YES;
				CLANG_WARN_ENUM_CONVERSION = YES;
				CLANG_WARN_INT_CONVERSION = YES;
				CLANG_WARN_OBJC_ROOT_CLASS = YES_ERROR;
				CLANG_WARN_UNREACHABLE_CODE = YES;
				CLANG_WARN__DUPLICATE_METHOD_MATCH = YES;
				"CODE_SIGN_IDENTITY[sdk=iphoneos*]" = "iPhone Developer";
				COPY_PHASE_STRIP = NO;
				DEBUG_INFORMATION_FORMAT = "dwarf-with-dsym";
				ENABLE_NS_ASSERTIONS = NO;
				ENABLE_STRICT_OBJC_MSGSEND = YES;
				GCC_C_LANGUAGE_STANDARD = gnu99;
				GCC_NO_COMMON_BLOCKS = YES;
				GCC_WARN_64_TO_32_BIT_CONVERSION = YES;
				GCC_WARN_ABOUT_RETURN_TYPE = YES_ERROR;
				GCC_WARN_UNDECLARED_SELECTOR = YES;
				GCC_WARN_UNINITIALIZED_AUTOS = YES_AGGRESSIVE;
				GCC_WARN_UNUSED_FUNCTION = YES;
				GCC_WARN_UNUSED_VARIABLE = YES;
				IPHONEOS_DEPLOYMENT_TARGET = 9.2;
				MTL_ENABLE_DEBUG_INFO = NO;
				SDKROOT = iphoneos;
				VALIDATE_PRODUCT = YES;
			};
			name = Release;
		};
		18BC466A1CDFBE02006DC885 /* Debug */ = {
			isa = XCBuildConfiguration;
			baseConfigurationReference = F5B417E52D88A0FAC64EFD28 /* Pods-Desafio_M4U.debug.xcconfig */;
			buildSettings = {
				ASSETCATALOG_COMPILER_APPICON_NAME = AppIcon;
				CODE_SIGN_IDENTITY = "iPhone Developer";
				INFOPLIST_FILE = Desafio_M4U/Info.plist;
				LD_RUNPATH_SEARCH_PATHS = "$(inherited) @executable_path/Frameworks";
				PRODUCT_BUNDLE_IDENTIFIER = "br.com.mfelipesp.Desafio-M4U";
				PRODUCT_NAME = "$(TARGET_NAME)";
			};
			name = Debug;
		};
		18BC466B1CDFBE02006DC885 /* Release */ = {
			isa = XCBuildConfiguration;
			baseConfigurationReference = F292262F1AB8BEE05B33EAAD /* Pods-Desafio_M4U.release.xcconfig */;
			buildSettings = {
				ASSETCATALOG_COMPILER_APPICON_NAME = AppIcon;
				CODE_SIGN_IDENTITY = "iPhone Developer";
				INFOPLIST_FILE = Desafio_M4U/Info.plist;
				LD_RUNPATH_SEARCH_PATHS = "$(inherited) @executable_path/Frameworks";
				PRODUCT_BUNDLE_IDENTIFIER = "br.com.mfelipesp.Desafio-M4U";
				PRODUCT_NAME = "$(TARGET_NAME)";
			};
			name = Release;
		};
		18BC466D1CDFBE02006DC885 /* Debug */ = {
			isa = XCBuildConfiguration;
			baseConfigurationReference = F3C8FD33643F7D0D89131FB1 /* Pods-Desafio_M4UTests.debug.xcconfig */;
			buildSettings = {
				BUNDLE_LOADER = "$(TEST_HOST)";
				INFOPLIST_FILE = Desafio_M4UTests/Info.plist;
				LD_RUNPATH_SEARCH_PATHS = "$(inherited) @executable_path/Frameworks @loader_path/Frameworks";
				PRODUCT_BUNDLE_IDENTIFIER = "br.com.mfelipesp.Desafio-M4UTests";
				PRODUCT_NAME = "$(TARGET_NAME)";
				TEST_HOST = "$(BUILT_PRODUCTS_DIR)/Desafio_M4U.app/Desafio_M4U";
			};
			name = Debug;
		};
		18BC466E1CDFBE02006DC885 /* Release */ = {
			isa = XCBuildConfiguration;
			baseConfigurationReference = 6DEBE0005790910619960B6C /* Pods-Desafio_M4UTests.release.xcconfig */;
			buildSettings = {
				BUNDLE_LOADER = "$(TEST_HOST)";
				INFOPLIST_FILE = Desafio_M4UTests/Info.plist;
				LD_RUNPATH_SEARCH_PATHS = "$(inherited) @executable_path/Frameworks @loader_path/Frameworks";
				PRODUCT_BUNDLE_IDENTIFIER = "br.com.mfelipesp.Desafio-M4UTests";
				PRODUCT_NAME = "$(TARGET_NAME)";
				TEST_HOST = "$(BUILT_PRODUCTS_DIR)/Desafio_M4U.app/Desafio_M4U";
			};
			name = Release;
		};
		18BC46701CDFBE02006DC885 /* Debug */ = {
			isa = XCBuildConfiguration;
			baseConfigurationReference = 63F20E1B6F0265159BF31A00 /* Pods-Desafio_M4UUITests.debug.xcconfig */;
			buildSettings = {
				INFOPLIST_FILE = Desafio_M4UUITests/Info.plist;
				LD_RUNPATH_SEARCH_PATHS = "$(inherited) @executable_path/Frameworks @loader_path/Frameworks";
				PRODUCT_BUNDLE_IDENTIFIER = "br.com.mfelipesp.Desafio-M4UUITests";
				PRODUCT_NAME = "$(TARGET_NAME)";
				TEST_TARGET_NAME = Desafio_M4U;
				USES_XCTRUNNER = YES;
			};
			name = Debug;
		};
		18BC46711CDFBE02006DC885 /* Release */ = {
			isa = XCBuildConfiguration;
			baseConfigurationReference = 5CD525F5DBE7CD1D1A508E7C /* Pods-Desafio_M4UUITests.release.xcconfig */;
			buildSettings = {
				INFOPLIST_FILE = Desafio_M4UUITests/Info.plist;
				LD_RUNPATH_SEARCH_PATHS = "$(inherited) @executable_path/Frameworks @loader_path/Frameworks";
				PRODUCT_BUNDLE_IDENTIFIER = "br.com.mfelipesp.Desafio-M4UUITests";
				PRODUCT_NAME = "$(TARGET_NAME)";
				TEST_TARGET_NAME = Desafio_M4U;
				USES_XCTRUNNER = YES;
			};
			name = Release;
		};
/* End XCBuildConfiguration section */

/* Begin XCConfigurationList section */
		18BC46341CDFBE01006DC885 /* Build configuration list for PBXProject "Desafio_M4U" */ = {
			isa = XCConfigurationList;
			buildConfigurations = (
				18BC46671CDFBE02006DC885 /* Debug */,
				18BC46681CDFBE02006DC885 /* Release */,
			);
			defaultConfigurationIsVisible = 0;
			defaultConfigurationName = Release;
		};
		18BC46691CDFBE02006DC885 /* Build configuration list for PBXNativeTarget "Desafio_M4U" */ = {
			isa = XCConfigurationList;
			buildConfigurations = (
				18BC466A1CDFBE02006DC885 /* Debug */,
				18BC466B1CDFBE02006DC885 /* Release */,
			);
			defaultConfigurationIsVisible = 0;
			defaultConfigurationName = Release;
		};
		18BC466C1CDFBE02006DC885 /* Build configuration list for PBXNativeTarget "Desafio_M4UTests" */ = {
			isa = XCConfigurationList;
			buildConfigurations = (
				18BC466D1CDFBE02006DC885 /* Debug */,
				18BC466E1CDFBE02006DC885 /* Release */,
			);
			defaultConfigurationIsVisible = 0;
			defaultConfigurationName = Release;
		};
		18BC466F1CDFBE02006DC885 /* Build configuration list for PBXNativeTarget "Desafio_M4UUITests" */ = {
			isa = XCConfigurationList;
			buildConfigurations = (
				18BC46701CDFBE02006DC885 /* Debug */,
				18BC46711CDFBE02006DC885 /* Release */,
			);
			defaultConfigurationIsVisible = 0;
			defaultConfigurationName = Release;
		};
/* End XCConfigurationList section */

/* Begin XCVersionGroup section */
		18BC46481CDFBE02006DC885 /* Desafio_M4U.xcdatamodeld */ = {
			isa = XCVersionGroup;
			children = (
				18BC46491CDFBE02006DC885 /* Desafio_M4U.xcdatamodel */,
			);
			currentVersion = 18BC46491CDFBE02006DC885 /* Desafio_M4U.xcdatamodel */;
			path = Desafio_M4U.xcdatamodeld;
			sourceTree = "<group>";
			versionGroupType = wrapper.xcdatamodel;
		};
/* End XCVersionGroup section */
	};
	rootObject = 18BC46311CDFBE01006DC885 /* Project object */;
}
